
Microsoft Visual Studio Solution File, Format Version 12.00
# Visual Studio Version 17
VisualStudioVersion = 17.14.36414.22 d17.14
MinimumVisualStudioVersion = 10.0.40219.1
Project("{FAE04EC0-301F-11D3-BF4B-00C04F79EFBC}") = "FirstDemoProject", "FirstDemoProject\FirstDemoProject.csproj", "{2F0FB57B-5246-4A37-A7AB-F6A87DCB24D8}"
EndProject
Project("{FAE04EC0-301F-11D3-BF4B-00C04F79EFBC}") = "DATA", "DATA\DATA.csproj", "{D49B845C-6163-4A16-B7BD-34B2CD8B39A4}"
EndProject
Global
	GlobalSection(SolutionConfigurationPlatforms) = preSolution
		Debug|Any CPU = Debug|Any CPU
		Release|Any CPU = Release|Any CPU
	EndGlobalSection
	GlobalSection(ProjectConfigurationPlatforms) = postSolution
		{2F0FB57B-5246-4A37-A7AB-F6A87DCB24D8}.Debug|Any CPU.ActiveCfg = Debug|Any CPU
		{2F0FB57B-5246-4A37-A7AB-F6A87DCB24D8}.Debug|Any CPU.Build.0 = Debug|Any CPU
		{2F0FB57B-5246-4A37-A7AB-F6A87DCB24D8}.Release|Any CPU.ActiveCfg = Release|Any CPU
		{2F0FB57B-5246-4A37-A7AB-F6A87DCB24D8}.Release|Any CPU.Build.0 = Release|Any CPU
		{D49B845C-6163-4A16-B7BD-34B2CD8B39A4}.Debug|Any CPU.ActiveCfg = Debug|Any CPU
		{D49B845C-6163-4A16-B7BD-34B2CD8B39A4}.Debug|Any CPU.Build.0 = Debug|Any CPU
		{D49B845C-6163-4A16-B7BD-34B2CD8B39A4}.Release|Any CPU.ActiveCfg = Release|Any CPU
		{D49B845C-6163-4A16-B7BD-34B2CD8B39A4}.Release|Any CPU.Build.0 = Release|Any CPU
	EndGlobalSection
	GlobalSection(SolutionProperties) = preSolution
		HideSolutionNode = FALSE
	EndGlobalSection
	GlobalSection(ExtensibilityGlobals) = postSolution
		SolutionGuid = {66D72EAE-324C-48B2-9326-47552E204C14}
	EndGlobalSection
EndGlobal
